
Microsoft Visual Studio Solution File, Format Version 12.00
Project("{FAE04EC0-301F-11D3-BF4B-00C04F79EFBC}") = "Tournabet.Host", "Tournabet.Host\Tournabet.Host.csproj", "{B33E8C3A-A12C-488C-896D-19BC972D4DB2}"
EndProject
Project("{FAE04EC0-301F-11D3-BF4B-00C04F79EFBC}") = "TournaBet.Auth", "TournaBet.Auth\TournaBet.Auth.csproj", "{C8810427-6CC5-4E72-B7AB-F641E0E26DFC}"
EndProject
Project("{FAE04EC0-301F-11D3-BF4B-00C04F79EFBC}") = "TournaBet.Shared", "TournaBet.Shared\TournaBet.Shared.csproj", "{02D64D6C-EF27-432E-AAE9-1D51E9D2A57D}"
EndProject
Project("{2150E333-8FDC-42A3-9474-1A3956D46DE8}") = "01. Host", "01. Host", "{C96575E0-74E4-49B4-943E-DD11EF68E5F2}"
EndProject
Project("{2150E333-8FDC-42A3-9474-1A3956D46DE8}") = "01. Auth", "01. Auth", "{520BB791-7259-4EC6-AA4F-20A5FF1E59B9}"
EndProject
Project("{2150E333-8FDC-42A3-9474-1A3956D46DE8}") = "02. Modules", "02. Modules", "{B98932DB-33E1-443F-A2CA-744E96F8B9CC}"
EndProject
Project("{2150E333-8FDC-42A3-9474-1A3956D46DE8}") = "03. Shared", "03. Shared", "{33F61891-9EE8-43E1-A6C7-0771103A6AE2}"
EndProject
Project("{2150E333-8FDC-42A3-9474-1A3956D46DE8}") = "02. User", "02. User", "{2F69E943-A55C-4685-89C8-2C2E5DAEBB45}"
EndProject
Project("{2150E333-8FDC-42A3-9474-1A3956D46DE8}") = "03. Liga", "03. Liga", "{8C917CFE-AE1F-4D8A-996C-23A9AB811CE3}"
EndProject
Project("{2150E333-8FDC-42A3-9474-1A3956D46DE8}") = "03. Feed", "03. Feed", "{0D53C5A2-13BB-4DC9-862D-067EA218A218}"
EndProject
Project("{2150E333-8FDC-42A3-9474-1A3956D46DE8}") = "04. Calculator", "04. Calculator", "{F19EACD8-E81A-43E1-AB9C-79BBF7F0594E}"
EndProject
Project("{FAE04EC0-301F-11D3-BF4B-00C04F79EFBC}") = "Tournabet.Auth.Shared", "Tournabet.Auth.Shared\Tournabet.Auth.Shared.csproj", "{50ACE5AA-9CF7-4453-B6A2-2C70422A0161}"
EndProject
Project("{FAE04EC0-301F-11D3-BF4B-00C04F79EFBC}") = "TournaBet.Feed", "TournaBet.Feed\TournaBet.Feed.csproj", "{08655C84-DB49-4B9B-96AE-1D053BF2824B}"
EndProject
Global
	GlobalSection(SolutionConfigurationPlatforms) = preSolution
		Debug|Any CPU = Debug|Any CPU
		Release|Any CPU = Release|Any CPU
	EndGlobalSection
	GlobalSection(ProjectConfigurationPlatforms) = postSolution
		{B33E8C3A-A12C-488C-896D-19BC972D4DB2}.Debug|Any CPU.ActiveCfg = Debug|Any CPU
		{B33E8C3A-A12C-488C-896D-19BC972D4DB2}.Debug|Any CPU.Build.0 = Debug|Any CPU
		{B33E8C3A-A12C-488C-896D-19BC972D4DB2}.Release|Any CPU.ActiveCfg = Release|Any CPU
		{B33E8C3A-A12C-488C-896D-19BC972D4DB2}.Release|Any CPU.Build.0 = Release|Any CPU
		{C8810427-6CC5-4E72-B7AB-F641E0E26DFC}.Debug|Any CPU.ActiveCfg = Debug|Any CPU
		{C8810427-6CC5-4E72-B7AB-F641E0E26DFC}.Debug|Any CPU.Build.0 = Debug|Any CPU
		{C8810427-6CC5-4E72-B7AB-F641E0E26DFC}.Release|Any CPU.ActiveCfg = Release|Any CPU
		{C8810427-6CC5-4E72-B7AB-F641E0E26DFC}.Release|Any CPU.Build.0 = Release|Any CPU
		{02D64D6C-EF27-432E-AAE9-1D51E9D2A57D}.Debug|Any CPU.ActiveCfg = Debug|Any CPU
		{02D64D6C-EF27-432E-AAE9-1D51E9D2A57D}.Debug|Any CPU.Build.0 = Debug|Any CPU
		{02D64D6C-EF27-432E-AAE9-1D51E9D2A57D}.Release|Any CPU.ActiveCfg = Release|Any CPU
		{02D64D6C-EF27-432E-AAE9-1D51E9D2A57D}.Release|Any CPU.Build.0 = Release|Any CPU
		{50ACE5AA-9CF7-4453-B6A2-2C70422A0161}.Debug|Any CPU.ActiveCfg = Debug|Any CPU
		{50ACE5AA-9CF7-4453-B6A2-2C70422A0161}.Debug|Any CPU.Build.0 = Debug|Any CPU
		{50ACE5AA-9CF7-4453-B6A2-2C70422A0161}.Release|Any CPU.ActiveCfg = Release|Any CPU
		{50ACE5AA-9CF7-4453-B6A2-2C70422A0161}.Release|Any CPU.Build.0 = Release|Any CPU
		{08655C84-DB49-4B9B-96AE-1D053BF2824B}.Debug|Any CPU.ActiveCfg = Debug|Any CPU
		{08655C84-DB49-4B9B-96AE-1D053BF2824B}.Debug|Any CPU.Build.0 = Debug|Any CPU
		{08655C84-DB49-4B9B-96AE-1D053BF2824B}.Release|Any CPU.ActiveCfg = Release|Any CPU
		{08655C84-DB49-4B9B-96AE-1D053BF2824B}.Release|Any CPU.Build.0 = Release|Any CPU
	EndGlobalSection
	GlobalSection(NestedProjects) = preSolution
		{B33E8C3A-A12C-488C-896D-19BC972D4DB2} = {C96575E0-74E4-49B4-943E-DD11EF68E5F2}
		{C8810427-6CC5-4E72-B7AB-F641E0E26DFC} = {520BB791-7259-4EC6-AA4F-20A5FF1E59B9}
		{520BB791-7259-4EC6-AA4F-20A5FF1E59B9} = {B98932DB-33E1-443F-A2CA-744E96F8B9CC}
		{02D64D6C-EF27-432E-AAE9-1D51E9D2A57D} = {33F61891-9EE8-43E1-A6C7-0771103A6AE2}
		{2F69E943-A55C-4685-89C8-2C2E5DAEBB45} = {B98932DB-33E1-443F-A2CA-744E96F8B9CC}
		{8C917CFE-AE1F-4D8A-996C-23A9AB811CE3} = {B98932DB-33E1-443F-A2CA-744E96F8B9CC}
		{0D53C5A2-13BB-4DC9-862D-067EA218A218} = {B98932DB-33E1-443F-A2CA-744E96F8B9CC}
		{F19EACD8-E81A-43E1-AB9C-79BBF7F0594E} = {B98932DB-33E1-443F-A2CA-744E96F8B9CC}
		{50ACE5AA-9CF7-4453-B6A2-2C70422A0161} = {B98932DB-33E1-443F-A2CA-744E96F8B9CC}
		{08655C84-DB49-4B9B-96AE-1D053BF2824B} = {0D53C5A2-13BB-4DC9-862D-067EA218A218}
	EndGlobalSection
EndGlobal
